schema_version: 1
sources:
  robot_interfaces:
    url: https://github.com/SevenovaHangzhou/robot_interfaces.git
    commit: 92d6ff2ed0b45684d7da2170d96703ca8be569f4
    contract_version: 0.7.0
    ros_package_version: 0.6.0
    public_packages:
      - robot_motion_interfaces
      - robot_system_interfaces
      - robot_interfaces_qos
