schema_version: 1
sources:
  robot_interfaces:
    url: https://github.com/SevenovaHangzhou/robot_interfaces.git
    commit: f699f45972ad15bbbbbb3da1a4894faf209144c9
    contract_version: 0.7.0
    ros_package_version: 0.6.0
    public_packages:
      - robot_motion_interfaces
      - robot_system_interfaces
      - robot_interfaces_qos
